
Microsoft Visual Studio Solution File, Format Version 12.00
# Visual Studio Version 17
VisualStudioVersion = 17.14.36705.20 d17.14
MinimumVisualStudioVersion = 10.0.40219.1
Project("{FAE04EC0-301F-11D3-BF4B-00C04F79EFBC}") = "PersonalBudgetTracker", "PersonalBudgetTracker.csproj", "{CF0767DA-49D6-47B5-8FD7-6E16296B30A4}"
EndProject
Global
	GlobalSection(SolutionConfigurationPlatforms) = preSolution
		Debug|Any CPU = Debug|Any CPU
		Release|Any CPU = Release|Any CPU
	EndGlobalSection
	GlobalSection(ProjectConfigurationPlatforms) = postSolution
		{CF0767DA-49D6-47B5-8FD7-6E16296B30A4}.Debug|Any CPU.ActiveCfg = Debug|Any CPU
		{CF0767DA-49D6-47B5-8FD7-6E16296B30A4}.Debug|Any CPU.Build.0 = Debug|Any CPU
		{CF0767DA-49D6-47B5-8FD7-6E16296B30A4}.Release|Any CPU.ActiveCfg = Release|Any CPU
		{CF0767DA-49D6-47B5-8FD7-6E16296B30A4}.Release|Any CPU.Build.0 = Release|Any CPU
	EndGlobalSection
	GlobalSection(SolutionProperties) = preSolution
		HideSolutionNode = FALSE
	EndGlobalSection
	GlobalSection(ExtensibilityGlobals) = postSolution
		SolutionGuid = {8A671529-0CAF-403D-8EF7-FDCB73C4A700}
	EndGlobalSection
EndGlobal
